Microsoft Visual Studio Solution File, Format Version 9.00
# Visual Studio 2005
Project("{FAE04EC0-301F-11D3-BF4B-00C04F79EFBC}") = "ClassLibrary1", "ClassLibrary1\ClassLibrary1.csproj", "{095136E2-F683-45CF-8E15-9D76F7B2C2C7}"
	ProjectSection(WebsiteProperties) = preProject
		Debug.AspNetCompiler.Debug = "True"
		Release.AspNetCompiler.Debug = "False"
	EndProjectSection
EndProject
Project("{FAE04EC0-301F-11D3-BF4B-00C04F79EFBC}") = "WindowsApplication1", "WindowsApplication1\WindowsApplication1.csproj", "{788E5EFD-8367-4DE9-9167-3F5E250DBA5C}"
	ProjectSection(WebsiteProperties) = preProject
		Debug.AspNetCompiler.Debug = "True"
		Release.AspNetCompiler.Debug = "False"
	EndProjectSection
	ProjectSection(ProjectDependencies) = postProject
		{095136E2-F683-45CF-8E15-9D76F7B2C2C7} = {095136E2-F683-45CF-8E15-9D76F7B2C2C7}
	EndProjectSection
EndProject
Project("{FAE04EC0-301F-11D3-BF4B-00C04F79EFBC}") = "WebApplication1", "WebApplication1\WebApplication1.csproj", "{676D9F1A-92D5-4598-BD1F-11B2A1904BB0}"
	ProjectSection(WebsiteProperties) = preProject
		Debug.AspNetCompiler.Debug = "True"
		Release.AspNetCompiler.Debug = "False"
	EndProjectSection
EndProject
Project("{FAE04EC0-301F-11D3-BF4B-00C04F79EFBC}") = "WebApplication2", "WebApplication2\WebApplication2.csproj", "{ED3742D6-4E76-4568-8664-E0B3BEDD117D}"
	ProjectSection(WebsiteProperties) = preProject
		Debug.AspNetCompiler.Debug = "True"
		Release.AspNetCompiler.Debug = "False"
	EndProjectSection
	ProjectSection(ProjectDependencies) = postProject
		{676D9F1A-92D5-4598-BD1F-11B2A1904BB0} = {676D9F1A-92D5-4598-BD1F-11B2A1904BB0}
		{095136E2-F683-45CF-8E15-9D76F7B2C2C7} = {095136E2-F683-45CF-8E15-9D76F7B2C2C7}
	EndProjectSection
EndProject
Global
	GlobalSection(SolutionConfigurationPlatforms) = preSolution
		Debug|.NET = Debug|.NET
		Debug|Any CPU = Debug|Any CPU
		Debug|Mixed Platforms = Debug|Mixed Platforms
		Release|.NET = Release|.NET
		Release|Any CPU = Release|Any CPU
		Release|Mixed Platforms = Release|Mixed Platforms
	EndGlobalSection
	GlobalSection(ProjectConfigurationPlatforms) = postSolution
		{095136E2-F683-45CF-8E15-9D76F7B2C2C7}.Debug|.NET.ActiveCfg = Debug|Any CPU
		{095136E2-F683-45CF-8E15-9D76F7B2C2C7}.Debug|Any CPU.ActiveCfg = Debug|Any CPU
		{095136E2-F683-45CF-8E15-9D76F7B2C2C7}.Debug|Any CPU.Build.0 = Debug|Any CPU
		{095136E2-F683-45CF-8E15-9D76F7B2C2C7}.Debug|Mixed Platforms.ActiveCfg = Debug|Any CPU
		{095136E2-F683-45CF-8E15-9D76F7B2C2C7}.Debug|Mixed Platforms.Build.0 = Debug|Any CPU
		{095136E2-F683-45CF-8E15-9D76F7B2C2C7}.Release|.NET.ActiveCfg = Release|Any CPU
		{095136E2-F683-45CF-8E15-9D76F7B2C2C7}.Release|Any CPU.ActiveCfg = Release|Any CPU
		{095136E2-F683-45CF-8E15-9D76F7B2C2C7}.Release|Any CPU.Build.0 = Release|Any CPU
		{095136E2-F683-45CF-8E15-9D76F7B2C2C7}.Release|Mixed Platforms.ActiveCfg = Release|Any CPU
		{095136E2-F683-45CF-8E15-9D76F7B2C2C7}.Release|Mixed Platforms.Build.0 = Release|Any CPU
		{788E5EFD-8367-4DE9-9167-3F5E250DBA5C}.Debug|.NET.ActiveCfg = Debug|Any CPU
		{788E5EFD-8367-4DE9-9167-3F5E250DBA5C}.Debug|Any CPU.ActiveCfg = Debug|Any CPU
		{788E5EFD-8367-4DE9-9167-3F5E250DBA5C}.Debug|Any CPU.Build.0 = Debug|Any CPU
		{788E5EFD-8367-4DE9-9167-3F5E250DBA5C}.Debug|Mixed Platforms.ActiveCfg = Debug|Any CPU
		{788E5EFD-8367-4DE9-9167-3F5E250DBA5C}.Debug|Mixed Platforms.Build.0 = Debug|Any CPU
		{788E5EFD-8367-4DE9-9167-3F5E250DBA5C}.Release|.NET.ActiveCfg = Release|Any CPU
		{788E5EFD-8367-4DE9-9167-3F5E250DBA5C}.Release|Any CPU.ActiveCfg = Release|Any CPU
		{788E5EFD-8367-4DE9-9167-3F5E250DBA5C}.Release|Any CPU.Build.0 = Release|Any CPU
		{788E5EFD-8367-4DE9-9167-3F5E250DBA5C}.Release|Mixed Platforms.ActiveCfg = Release|Any CPU
		{788E5EFD-8367-4DE9-9167-3F5E250DBA5C}.Release|Mixed Platforms.Build.0 = Release|Any CPU
		{676D9F1A-92D5-4598-BD1F-11B2A1904BB0}.Debug|.NET.ActiveCfg = Debug|Any CPU
		{676D9F1A-92D5-4598-BD1F-11B2A1904BB0}.Debug|Any CPU.ActiveCfg = Debug|Any CPU
		{676D9F1A-92D5-4598-BD1F-11B2A1904BB0}.Debug|Any CPU.Build.0 = Debug|Any CPU
		{676D9F1A-92D5-4598-BD1F-11B2A1904BB0}.Debug|Mixed Platforms.ActiveCfg = Debug|Any CPU
		{676D9F1A-92D5-4598-BD1F-11B2A1904BB0}.Debug|Mixed Platforms.Build.0 = Debug|Any CPU
		{676D9F1A-92D5-4598-BD1F-11B2A1904BB0}.Release|.NET.ActiveCfg = Release|Any CPU
		{676D9F1A-92D5-4598-BD1F-11B2A1904BB0}.Release|Any CPU.ActiveCfg = Release|Any CPU
		{676D9F1A-92D5-4598-BD1F-11B2A1904BB0}.Release|Any CPU.Build.0 = Release|Any CPU
		{676D9F1A-92D5-4598-BD1F-11B2A1904BB0}.Release|Mixed Platforms.ActiveCfg = Release|Any CPU
		{676D9F1A-92D5-4598-BD1F-11B2A1904BB0}.Release|Mixed Platforms.Build.0 = Release|Any CPU
		{ED3742D6-4E76-4568-8664-E0B3BEDD117D}.Debug|.NET.ActiveCfg = Debug|Any CPU
		{ED3742D6-4E76-4568-8664-E0B3BEDD117D}.Debug|Any CPU.ActiveCfg = Debug|Any CPU
		{ED3742D6-4E76-4568-8664-E0B3BEDD117D}.Debug|Any CPU.Build.0 = Debug|Any CPU
		{ED3742D6-4E76-4568-8664-E0B3BEDD117D}.Debug|Mixed Platforms.ActiveCfg = Debug|Any CPU
		{ED3742D6-4E76-4568-8664-E0B3BEDD117D}.Debug|Mixed Platforms.Build.0 = Debug|Any CPU
		{ED3742D6-4E76-4568-8664-E0B3BEDD117D}.Release|.NET.ActiveCfg = Release|Any CPU
		{ED3742D6-4E76-4568-8664-E0B3BEDD117D}.Release|Any CPU.ActiveCfg = Release|Any CPU
		{ED3742D6-4E76-4568-8664-E0B3BEDD117D}.Release|Any CPU.Build.0 = Release|Any CPU
		{ED3742D6-4E76-4568-8664-E0B3BEDD117D}.Release|Mixed Platforms.ActiveCfg = Release|Any CPU
		{ED3742D6-4E76-4568-8664-E0B3BEDD117D}.Release|Mixed Platforms.Build.0 = Release|Any CPU
	EndGlobalSection
	GlobalSection(SolutionProperties) = preSolution
		HideSolutionNode = FALSE
	EndGlobalSection
EndGlobal
