Microsoft Visual Studio Solution File, Format Version 10.00
# Visual Studio 2008
Project("{F184B08F-C81C-45F6-A57F-5ABD9991F28F}") = "ClassLibrary1", "ClassLibrary1\ClassLibrary1.vbproj", "{095136E2-F683-45CF-8E15-9D76F7B2C2C7}"
EndProject
Project("{F184B08F-C81C-45F6-A57F-5ABD9991F28F}") = "WindowsApplication1", "WindowsApplication1\WindowsApplication1.vbproj", "{788E5EFD-8367-4DE9-9167-3F5E250DBA5C}"
	ProjectSection(ProjectDependencies) = postProject
		{095136E2-F683-45CF-8E15-9D76F7B2C2C7} = {095136E2-F683-45CF-8E15-9D76F7B2C2C7}
	EndProjectSection
EndProject
Project("{F184B08F-C81C-45F6-A57F-5ABD9991F28F}") = "WebApplication1", "WebApplication1\WebApplication1.vbproj", "{676D9F1A-92D5-4598-BD1F-11B2A1904BB0}"
EndProject
Project("{F184B08F-C81C-45F6-A57F-5ABD9991F28F}") = "WebApplication2", "WebApplication2\WebApplication2.vbproj", "{ED3742D6-4E76-4568-8664-E0B3BEDD117D}"
	ProjectSection(ProjectDependencies) = postProject
		{676D9F1A-92D5-4598-BD1F-11B2A1904BB0} = {676D9F1A-92D5-4598-BD1F-11B2A1904BB0}
		{095136E2-F683-45CF-8E15-9D76F7B2C2C7} = {095136E2-F683-45CF-8E15-9D76F7B2C2C7}
	EndProjectSection
EndProject
Global
	GlobalSection(SolutionConfigurationPlatforms) = preSolution
		Debug|.NET = Debug|.NET
		Debug|Any CPU = Debug|Any CPU
		Debug|Mixed Platforms = Debug|Mixed Platforms
		Release|.NET = Release|.NET
		Release|Any CPU = Release|Any CPU
		Release|Mixed Platforms = Release|Mixed Platforms
	EndGlobalSection
	GlobalSection(ProjectConfigurationPlatforms) = postSolution
		{095136E2-F683-45CF-8E15-9D76F7B2C2C7}.Debug|.NET.ActiveCfg = Debug|Any CPU
		{095136E2-F683-45CF-8E15-9D76F7B2C2C7}.Debug|Any CPU.ActiveCfg = Debug|Any CPU
		{095136E2-F683-45CF-8E15-9D76F7B2C2C7}.Debug|Any CPU.Build.0 = Debug|Any CPU
		{095136E2-F683-45CF-8E15-9D76F7B2C2C7}.Debug|Mixed Platforms.ActiveCfg = Debug|Any CPU
		{095136E2-F683-45CF-8E15-9D76F7B2C2C7}.Debug|Mixed Platforms.Build.0 = Debug|Any CPU
		{095136E2-F683-45CF-8E15-9D76F7B2C2C7}.Release|.NET.ActiveCfg = Release|Any CPU
		{095136E2-F683-45CF-8E15-9D76F7B2C2C7}.Release|Any CPU.ActiveCfg = Release|Any CPU
		{095136E2-F683-45CF-8E15-9D76F7B2C2C7}.Release|Any CPU.Build.0 = Release|Any CPU
		{095136E2-F683-45CF-8E15-9D76F7B2C2C7}.Release|Mixed Platforms.ActiveCfg = Release|Any CPU
		{095136E2-F683-45CF-8E15-9D76F7B2C2C7}.Release|Mixed Platforms.Build.0 = Release|Any CPU
		{788E5EFD-8367-4DE9-9167-3F5E250DBA5C}.Debug|.NET.ActiveCfg = Debug|Any CPU
		{788E5EFD-8367-4DE9-9167-3F5E250DBA5C}.Debug|Any CPU.ActiveCfg = Debug|Any CPU
		{788E5EFD-8367-4DE9-9167-3F5E250DBA5C}.Debug|Any CPU.Build.0 = Debug|Any CPU
		{788E5EFD-8367-4DE9-9167-3F5E250DBA5C}.Debug|Mixed Platforms.ActiveCfg = Debug|Any CPU
		{788E5EFD-8367-4DE9-9167-3F5E250DBA5C}.Debug|Mixed Platforms.Build.0 = Debug|Any CPU
		{788E5EFD-8367-4DE9-9167-3F5E250DBA5C}.Release|.NET.ActiveCfg = Release|Any CPU
		{788E5EFD-8367-4DE9-9167-3F5E250DBA5C}.Release|Any CPU.ActiveCfg = Release|Any CPU
		{788E5EFD-8367-4DE9-9167-3F5E250DBA5C}.Release|Any CPU.Build.0 = Release|Any CPU
		{788E5EFD-8367-4DE9-9167-3F5E250DBA5C}.Release|Mixed Platforms.ActiveCfg = Release|Any CPU
		{788E5EFD-8367-4DE9-9167-3F5E250DBA5C}.Release|Mixed Platforms.Build.0 = Release|Any CPU
		{676D9F1A-92D5-4598-BD1F-11B2A1904BB0}.Debug|.NET.ActiveCfg = Debug|Any CPU
		{676D9F1A-92D5-4598-BD1F-11B2A1904BB0}.Debug|Any CPU.ActiveCfg = Debug|Any CPU
		{676D9F1A-92D5-4598-BD1F-11B2A1904BB0}.Debug|Any CPU.Build.0 = Debug|Any CPU
		{676D9F1A-92D5-4598-BD1F-11B2A1904BB0}.Debug|Mixed Platforms.ActiveCfg = Debug|Any CPU
		{676D9F1A-92D5-4598-BD1F-11B2A1904BB0}.Debug|Mixed Platforms.Build.0 = Debug|Any CPU
		{676D9F1A-92D5-4598-BD1F-11B2A1904BB0}.Release|.NET.ActiveCfg = Release|Any CPU
		{676D9F1A-92D5-4598-BD1F-11B2A1904BB0}.Release|Any CPU.ActiveCfg = Release|Any CPU
		{676D9F1A-92D5-4598-BD1F-11B2A1904BB0}.Release|Any CPU.Build.0 = Release|Any CPU
		{676D9F1A-92D5-4598-BD1F-11B2A1904BB0}.Release|Mixed Platforms.ActiveCfg = Release|Any CPU
		{676D9F1A-92D5-4598-BD1F-11B2A1904BB0}.Release|Mixed Platforms.Build.0 = Release|Any CPU
		{ED3742D6-4E76-4568-8664-E0B3BEDD117D}.Debug|.NET.ActiveCfg = Debug|Any CPU
		{ED3742D6-4E76-4568-8664-E0B3BEDD117D}.Debug|Any CPU.ActiveCfg = Debug|Any CPU
		{ED3742D6-4E76-4568-8664-E0B3BEDD117D}.Debug|Any CPU.Build.0 = Debug|Any CPU
		{ED3742D6-4E76-4568-8664-E0B3BEDD117D}.Debug|Mixed Platforms.ActiveCfg = Debug|Any CPU
		{ED3742D6-4E76-4568-8664-E0B3BEDD117D}.Debug|Mixed Platforms.Build.0 = Debug|Any CPU
		{ED3742D6-4E76-4568-8664-E0B3BEDD117D}.Release|.NET.ActiveCfg = Release|Any CPU
		{ED3742D6-4E76-4568-8664-E0B3BEDD117D}.Release|Any CPU.ActiveCfg = Release|Any CPU
		{ED3742D6-4E76-4568-8664-E0B3BEDD117D}.Release|Any CPU.Build.0 = Release|Any CPU
		{ED3742D6-4E76-4568-8664-E0B3BEDD117D}.Release|Mixed Platforms.ActiveCfg = Release|Any CPU
		{ED3742D6-4E76-4568-8664-E0B3BEDD117D}.Release|Mixed Platforms.Build.0 = Release|Any CPU
	EndGlobalSection
	GlobalSection(SolutionProperties) = preSolution
		HideSolutionNode = FALSE
	EndGlobalSection
EndGlobal
